
Microsoft Visual Studio Solution File, Format Version 11.00
# Visual Studio 2010
# SharpDevelop 4.3
Project("{FAE04EC0-301F-11D3-BF4B-00C04F79EFBC}") = "MVCConsole", "MVCConsole\MVCConsole.csproj", "{827CFE5C-7668-4AB0-BBA1-4BBCB9A11942}"
EndProject
Project("{FAE04EC0-301F-11D3-BF4B-00C04F79EFBC}") = "Ssepan.Utility", "..\Ssepan.Utility\Ssepan.Utility.csproj", "{9C11D8DD-E335-4FE3-AAE6-5C3B17732890}"
EndProject
Project("{FAE04EC0-301F-11D3-BF4B-00C04F79EFBC}") = "Ssepan.Application", "..\Ssepan.Application\Ssepan.Application.csproj", "{C69040CF-5ACD-4F55-8540-49FB7C2A7AA2}"
EndProject
Project("{FAE04EC0-301F-11D3-BF4B-00C04F79EFBC}") = "MVCLibrary", "MVCLibrary\MVCLibrary.csproj", "{6B7318C1-B755-4691-B950-3B1FEC562F1E}"
EndProject
Project("{FAE04EC0-301F-11D3-BF4B-00C04F79EFBC}") = "Ssepan.Io", "..\Ssepan.Io\Ssepan.Io.csproj", "{9EFE2EC6-F48E-4E4E-927F-068B54210E09}"
EndProject
Project("{FAE04EC0-301F-11D3-BF4B-00C04F79EFBC}") = "MVCForms", "MVCForms\MVCForms.csproj", "{A85EB4ED-5A74-4486-93CE-6ADFBDEFCC11}"
EndProject
Project("{F184B08F-C81C-45F6-A57F-5ABD9991F28F}") = "MvcConsoleVb", "MvcConsoleVb\MvcConsoleVb.vbproj", "{241CD4BF-A7B4-4D2A-8A9D-2A8D922EB991}"
EndProject
Project("{F184B08F-C81C-45F6-A57F-5ABD9991F28F}") = "MvcLibraryVb", "MvcLibraryVb\MvcLibraryVb.vbproj", "{39F41CB4-845C-485F-ADD7-064822A14403}"
EndProject
Project("{F184B08F-C81C-45F6-A57F-5ABD9991F28F}") = "MvcFormsVb", "MvcFormsVb\MvcFormsVb.vbproj", "{8F2AD434-25E2-4D83-BED0-6A561FA8728C}"
EndProject
Global
	GlobalSection(SolutionConfigurationPlatforms) = preSolution
		Debug|Any CPU = Debug|Any CPU
		Release|Any CPU = Release|Any CPU
	EndGlobalSection
	GlobalSection(ProjectConfigurationPlatforms) = postSolution
		{827CFE5C-7668-4AB0-BBA1-4BBCB9A11942}.Debug|Any CPU.ActiveCfg = Debug|Any CPU
		{827CFE5C-7668-4AB0-BBA1-4BBCB9A11942}.Debug|Any CPU.Build.0 = Debug|Any CPU
		{827CFE5C-7668-4AB0-BBA1-4BBCB9A11942}.Release|Any CPU.ActiveCfg = Release|Any CPU
		{827CFE5C-7668-4AB0-BBA1-4BBCB9A11942}.Release|Any CPU.Build.0 = Release|Any CPU
		{9C11D8DD-E335-4FE3-AAE6-5C3B17732890}.Debug|Any CPU.ActiveCfg = Debug|Any CPU
		{9C11D8DD-E335-4FE3-AAE6-5C3B17732890}.Debug|Any CPU.Build.0 = Debug|Any CPU
		{9C11D8DD-E335-4FE3-AAE6-5C3B17732890}.Release|Any CPU.ActiveCfg = Release|Any CPU
		{9C11D8DD-E335-4FE3-AAE6-5C3B17732890}.Release|Any CPU.Build.0 = Release|Any CPU
		{C69040CF-5ACD-4F55-8540-49FB7C2A7AA2}.Debug|Any CPU.ActiveCfg = Debug|Any CPU
		{C69040CF-5ACD-4F55-8540-49FB7C2A7AA2}.Debug|Any CPU.Build.0 = Debug|Any CPU
		{C69040CF-5ACD-4F55-8540-49FB7C2A7AA2}.Release|Any CPU.ActiveCfg = Release|Any CPU
		{C69040CF-5ACD-4F55-8540-49FB7C2A7AA2}.Release|Any CPU.Build.0 = Release|Any CPU
		{6B7318C1-B755-4691-B950-3B1FEC562F1E}.Debug|Any CPU.ActiveCfg = Debug|Any CPU
		{6B7318C1-B755-4691-B950-3B1FEC562F1E}.Debug|Any CPU.Build.0 = Debug|Any CPU
		{6B7318C1-B755-4691-B950-3B1FEC562F1E}.Release|Any CPU.ActiveCfg = Release|Any CPU
		{6B7318C1-B755-4691-B950-3B1FEC562F1E}.Release|Any CPU.Build.0 = Release|Any CPU
		{9EFE2EC6-F48E-4E4E-927F-068B54210E09}.Debug|Any CPU.ActiveCfg = Debug|Any CPU
		{9EFE2EC6-F48E-4E4E-927F-068B54210E09}.Debug|Any CPU.Build.0 = Debug|Any CPU
		{9EFE2EC6-F48E-4E4E-927F-068B54210E09}.Release|Any CPU.ActiveCfg = Release|Any CPU
		{9EFE2EC6-F48E-4E4E-927F-068B54210E09}.Release|Any CPU.Build.0 = Release|Any CPU
		{A85EB4ED-5A74-4486-93CE-6ADFBDEFCC11}.Debug|Any CPU.ActiveCfg = Debug|Any CPU
		{A85EB4ED-5A74-4486-93CE-6ADFBDEFCC11}.Debug|Any CPU.Build.0 = Debug|Any CPU
		{A85EB4ED-5A74-4486-93CE-6ADFBDEFCC11}.Release|Any CPU.ActiveCfg = Release|Any CPU
		{A85EB4ED-5A74-4486-93CE-6ADFBDEFCC11}.Release|Any CPU.Build.0 = Release|Any CPU
		{241CD4BF-A7B4-4D2A-8A9D-2A8D922EB991}.Debug|Any CPU.ActiveCfg = Debug|Any CPU
		{241CD4BF-A7B4-4D2A-8A9D-2A8D922EB991}.Debug|Any CPU.Build.0 = Debug|Any CPU
		{241CD4BF-A7B4-4D2A-8A9D-2A8D922EB991}.Release|Any CPU.ActiveCfg = Release|Any CPU
		{241CD4BF-A7B4-4D2A-8A9D-2A8D922EB991}.Release|Any CPU.Build.0 = Release|Any CPU
		{39F41CB4-845C-485F-ADD7-064822A14403}.Debug|Any CPU.ActiveCfg = Debug|Any CPU
		{39F41CB4-845C-485F-ADD7-064822A14403}.Debug|Any CPU.Build.0 = Debug|Any CPU
		{39F41CB4-845C-485F-ADD7-064822A14403}.Release|Any CPU.ActiveCfg = Release|Any CPU
		{39F41CB4-845C-485F-ADD7-064822A14403}.Release|Any CPU.Build.0 = Release|Any CPU
		{8F2AD434-25E2-4D83-BED0-6A561FA8728C}.Debug|Any CPU.ActiveCfg = Debug|Any CPU
		{8F2AD434-25E2-4D83-BED0-6A561FA8728C}.Debug|Any CPU.Build.0 = Debug|Any CPU
		{8F2AD434-25E2-4D83-BED0-6A561FA8728C}.Release|Any CPU.ActiveCfg = Release|Any CPU
		{8F2AD434-25E2-4D83-BED0-6A561FA8728C}.Release|Any CPU.Build.0 = Release|Any CPU
	EndGlobalSection
	GlobalSection(SolutionProperties) = preSolution
		HideSolutionNode = FALSE
	EndGlobalSection
EndGlobal
