
Microsoft Visual Studio Solution File, Format Version 12.00
# Visual Studio Version 16
VisualStudioVersion = 16.0.30804.86
MinimumVisualStudioVersion = 10.0.40219.1
Project("{9A19103F-16F7-4668-BE54-9A1E7A4F7556}") = "MVCConsole", "MVCConsole\MVCConsole.csproj", "{827CFE5C-7668-4AB0-BBA1-4BBCB9A11942}"
EndProject
Project("{9A19103F-16F7-4668-BE54-9A1E7A4F7556}") = "Ssepan.Application", "..\Ssepan.Application\Ssepan.Application.csproj", "{C69040CF-5ACD-4F55-8540-49FB7C2A7AA2}"
EndProject
Project("{9A19103F-16F7-4668-BE54-9A1E7A4F7556}") = "MVCLibrary", "MVCLibrary\MVCLibrary.csproj", "{6B7318C1-B755-4691-B950-3B1FEC562F1E}"
EndProject
Project("{9A19103F-16F7-4668-BE54-9A1E7A4F7556}") = "Ssepan.Io", "..\Ssepan.Io\Ssepan.Io.csproj", "{9EFE2EC6-F48E-4E4E-927F-068B54210E09}"
EndProject
Project("{9A19103F-16F7-4668-BE54-9A1E7A4F7556}") = "MVCForms", "MVCForms\MVCForms.csproj", "{A85EB4ED-5A74-4486-93CE-6ADFBDEFCC11}"
EndProject
Project("{778DAE3C-4631-46EA-AA77-85C1314464D9}") = "MvcConsoleVb", "MvcConsoleVb\MvcConsoleVb.vbproj", "{241CD4BF-A7B4-4D2A-8A9D-2A8D922EB991}"
EndProject
Project("{778DAE3C-4631-46EA-AA77-85C1314464D9}") = "MvcLibraryVb", "MvcLibraryVb\MvcLibraryVb.vbproj", "{39F41CB4-845C-485F-ADD7-064822A14403}"
EndProject
Project("{9A19103F-16F7-4668-BE54-9A1E7A4F7556}") = "Ssepan.Utility", "..\Ssepan.Utility\Ssepan.Utility\Ssepan.Utility.csproj", "{4D407426-E4D4-46AF-8A5E-BB9422E7B44B}"
EndProject
Project("{778DAE3C-4631-46EA-AA77-85C1314464D9}") = "MvcFormsVb", "MvcFormsVb\MvcFormsVb.vbproj", "{F6E36008-E8DF-498E-886B-AC8CBDE68BAE}"
EndProject
Project("{930C7802-8A8C-48F9-8165-68863BCCD9DD}") = "ModelsAndSettingsCsSetupWiX", "ModelsAndSettingsCsSetupWiX\ModelsAndSettingsCsSetupWiX.wixproj", "{36E35916-2EAF-46C5-A994-C45C628E577B}"
EndProject
Project("{930C7802-8A8C-48F9-8165-68863BCCD9DD}") = "ModelsAndSettingsVbSetup", "ModelsAndSettingsVbSetup\ModelsAndSettingsVbSetup.wixproj", "{1D7CC4CD-5238-4CBF-9786-92DA573B6DBE}"
EndProject
Global
	GlobalSection(SolutionConfigurationPlatforms) = preSolution
		Debug|Any CPU = Debug|Any CPU
		Debug|x86 = Debug|x86
		Release|Any CPU = Release|Any CPU
		Release|x86 = Release|x86
	EndGlobalSection
	GlobalSection(ProjectConfigurationPlatforms) = postSolution
		{827CFE5C-7668-4AB0-BBA1-4BBCB9A11942}.Debug|Any CPU.ActiveCfg = Debug|Any CPU
		{827CFE5C-7668-4AB0-BBA1-4BBCB9A11942}.Debug|Any CPU.Build.0 = Debug|Any CPU
		{827CFE5C-7668-4AB0-BBA1-4BBCB9A11942}.Debug|x86.ActiveCfg = Debug|Any CPU
		{827CFE5C-7668-4AB0-BBA1-4BBCB9A11942}.Debug|x86.Build.0 = Debug|Any CPU
		{827CFE5C-7668-4AB0-BBA1-4BBCB9A11942}.Release|Any CPU.ActiveCfg = Release|Any CPU
		{827CFE5C-7668-4AB0-BBA1-4BBCB9A11942}.Release|Any CPU.Build.0 = Release|Any CPU
		{827CFE5C-7668-4AB0-BBA1-4BBCB9A11942}.Release|x86.ActiveCfg = Release|Any CPU
		{827CFE5C-7668-4AB0-BBA1-4BBCB9A11942}.Release|x86.Build.0 = Release|Any CPU
		{C69040CF-5ACD-4F55-8540-49FB7C2A7AA2}.Debug|Any CPU.ActiveCfg = Debug|Any CPU
		{C69040CF-5ACD-4F55-8540-49FB7C2A7AA2}.Debug|Any CPU.Build.0 = Debug|Any CPU
		{C69040CF-5ACD-4F55-8540-49FB7C2A7AA2}.Debug|x86.ActiveCfg = Debug|Any CPU
		{C69040CF-5ACD-4F55-8540-49FB7C2A7AA2}.Debug|x86.Build.0 = Debug|Any CPU
		{C69040CF-5ACD-4F55-8540-49FB7C2A7AA2}.Release|Any CPU.ActiveCfg = Release|Any CPU
		{C69040CF-5ACD-4F55-8540-49FB7C2A7AA2}.Release|Any CPU.Build.0 = Release|Any CPU
		{C69040CF-5ACD-4F55-8540-49FB7C2A7AA2}.Release|x86.ActiveCfg = Release|Any CPU
		{C69040CF-5ACD-4F55-8540-49FB7C2A7AA2}.Release|x86.Build.0 = Release|Any CPU
		{6B7318C1-B755-4691-B950-3B1FEC562F1E}.Debug|Any CPU.ActiveCfg = Debug|Any CPU
		{6B7318C1-B755-4691-B950-3B1FEC562F1E}.Debug|Any CPU.Build.0 = Debug|Any CPU
		{6B7318C1-B755-4691-B950-3B1FEC562F1E}.Debug|x86.ActiveCfg = Debug|Any CPU
		{6B7318C1-B755-4691-B950-3B1FEC562F1E}.Debug|x86.Build.0 = Debug|Any CPU
		{6B7318C1-B755-4691-B950-3B1FEC562F1E}.Release|Any CPU.ActiveCfg = Release|Any CPU
		{6B7318C1-B755-4691-B950-3B1FEC562F1E}.Release|Any CPU.Build.0 = Release|Any CPU
		{6B7318C1-B755-4691-B950-3B1FEC562F1E}.Release|x86.ActiveCfg = Release|Any CPU
		{6B7318C1-B755-4691-B950-3B1FEC562F1E}.Release|x86.Build.0 = Release|Any CPU
		{9EFE2EC6-F48E-4E4E-927F-068B54210E09}.Debug|Any CPU.ActiveCfg = Debug|Any CPU
		{9EFE2EC6-F48E-4E4E-927F-068B54210E09}.Debug|Any CPU.Build.0 = Debug|Any CPU
		{9EFE2EC6-F48E-4E4E-927F-068B54210E09}.Debug|x86.ActiveCfg = Debug|Any CPU
		{9EFE2EC6-F48E-4E4E-927F-068B54210E09}.Debug|x86.Build.0 = Debug|Any CPU
		{9EFE2EC6-F48E-4E4E-927F-068B54210E09}.Release|Any CPU.ActiveCfg = Release|Any CPU
		{9EFE2EC6-F48E-4E4E-927F-068B54210E09}.Release|Any CPU.Build.0 = Release|Any CPU
		{9EFE2EC6-F48E-4E4E-927F-068B54210E09}.Release|x86.ActiveCfg = Release|Any CPU
		{9EFE2EC6-F48E-4E4E-927F-068B54210E09}.Release|x86.Build.0 = Release|Any CPU
		{A85EB4ED-5A74-4486-93CE-6ADFBDEFCC11}.Debug|Any CPU.ActiveCfg = Debug|Any CPU
		{A85EB4ED-5A74-4486-93CE-6ADFBDEFCC11}.Debug|Any CPU.Build.0 = Debug|Any CPU
		{A85EB4ED-5A74-4486-93CE-6ADFBDEFCC11}.Debug|x86.ActiveCfg = Debug|Any CPU
		{A85EB4ED-5A74-4486-93CE-6ADFBDEFCC11}.Debug|x86.Build.0 = Debug|Any CPU
		{A85EB4ED-5A74-4486-93CE-6ADFBDEFCC11}.Release|Any CPU.ActiveCfg = Release|Any CPU
		{A85EB4ED-5A74-4486-93CE-6ADFBDEFCC11}.Release|Any CPU.Build.0 = Release|Any CPU
		{A85EB4ED-5A74-4486-93CE-6ADFBDEFCC11}.Release|x86.ActiveCfg = Release|Any CPU
		{A85EB4ED-5A74-4486-93CE-6ADFBDEFCC11}.Release|x86.Build.0 = Release|Any CPU
		{241CD4BF-A7B4-4D2A-8A9D-2A8D922EB991}.Debug|Any CPU.ActiveCfg = Debug|Any CPU
		{241CD4BF-A7B4-4D2A-8A9D-2A8D922EB991}.Debug|Any CPU.Build.0 = Debug|Any CPU
		{241CD4BF-A7B4-4D2A-8A9D-2A8D922EB991}.Debug|x86.ActiveCfg = Debug|Any CPU
		{241CD4BF-A7B4-4D2A-8A9D-2A8D922EB991}.Debug|x86.Build.0 = Debug|Any CPU
		{241CD4BF-A7B4-4D2A-8A9D-2A8D922EB991}.Release|Any CPU.ActiveCfg = Release|Any CPU
		{241CD4BF-A7B4-4D2A-8A9D-2A8D922EB991}.Release|Any CPU.Build.0 = Release|Any CPU
		{241CD4BF-A7B4-4D2A-8A9D-2A8D922EB991}.Release|x86.ActiveCfg = Release|Any CPU
		{241CD4BF-A7B4-4D2A-8A9D-2A8D922EB991}.Release|x86.Build.0 = Release|Any CPU
		{39F41CB4-845C-485F-ADD7-064822A14403}.Debug|Any CPU.ActiveCfg = Debug|Any CPU
		{39F41CB4-845C-485F-ADD7-064822A14403}.Debug|Any CPU.Build.0 = Debug|Any CPU
		{39F41CB4-845C-485F-ADD7-064822A14403}.Debug|x86.ActiveCfg = Debug|Any CPU
		{39F41CB4-845C-485F-ADD7-064822A14403}.Debug|x86.Build.0 = Debug|Any CPU
		{39F41CB4-845C-485F-ADD7-064822A14403}.Release|Any CPU.ActiveCfg = Release|Any CPU
		{39F41CB4-845C-485F-ADD7-064822A14403}.Release|Any CPU.Build.0 = Release|Any CPU
		{39F41CB4-845C-485F-ADD7-064822A14403}.Release|x86.ActiveCfg = Release|Any CPU
		{39F41CB4-845C-485F-ADD7-064822A14403}.Release|x86.Build.0 = Release|Any CPU
		{4D407426-E4D4-46AF-8A5E-BB9422E7B44B}.Debug|Any CPU.ActiveCfg = Debug|Any CPU
		{4D407426-E4D4-46AF-8A5E-BB9422E7B44B}.Debug|Any CPU.Build.0 = Debug|Any CPU
		{4D407426-E4D4-46AF-8A5E-BB9422E7B44B}.Debug|x86.ActiveCfg = Debug|Any CPU
		{4D407426-E4D4-46AF-8A5E-BB9422E7B44B}.Debug|x86.Build.0 = Debug|Any CPU
		{4D407426-E4D4-46AF-8A5E-BB9422E7B44B}.Release|Any CPU.ActiveCfg = Release|Any CPU
		{4D407426-E4D4-46AF-8A5E-BB9422E7B44B}.Release|Any CPU.Build.0 = Release|Any CPU
		{4D407426-E4D4-46AF-8A5E-BB9422E7B44B}.Release|x86.ActiveCfg = Release|Any CPU
		{4D407426-E4D4-46AF-8A5E-BB9422E7B44B}.Release|x86.Build.0 = Release|Any CPU
		{F6E36008-E8DF-498E-886B-AC8CBDE68BAE}.Debug|Any CPU.ActiveCfg = Debug|Any CPU
		{F6E36008-E8DF-498E-886B-AC8CBDE68BAE}.Debug|Any CPU.Build.0 = Debug|Any CPU
		{F6E36008-E8DF-498E-886B-AC8CBDE68BAE}.Debug|x86.ActiveCfg = Debug|Any CPU
		{F6E36008-E8DF-498E-886B-AC8CBDE68BAE}.Debug|x86.Build.0 = Debug|Any CPU
		{F6E36008-E8DF-498E-886B-AC8CBDE68BAE}.Release|Any CPU.ActiveCfg = Release|Any CPU
		{F6E36008-E8DF-498E-886B-AC8CBDE68BAE}.Release|Any CPU.Build.0 = Release|Any CPU
		{F6E36008-E8DF-498E-886B-AC8CBDE68BAE}.Release|x86.ActiveCfg = Release|Any CPU
		{F6E36008-E8DF-498E-886B-AC8CBDE68BAE}.Release|x86.Build.0 = Release|Any CPU
		{36E35916-2EAF-46C5-A994-C45C628E577B}.Debug|Any CPU.ActiveCfg = Debug|x86
		{36E35916-2EAF-46C5-A994-C45C628E577B}.Debug|x86.ActiveCfg = Debug|x86
		{36E35916-2EAF-46C5-A994-C45C628E577B}.Debug|x86.Build.0 = Debug|x86
		{36E35916-2EAF-46C5-A994-C45C628E577B}.Release|Any CPU.ActiveCfg = Release|x86
		{36E35916-2EAF-46C5-A994-C45C628E577B}.Release|x86.ActiveCfg = Release|x86
		{36E35916-2EAF-46C5-A994-C45C628E577B}.Release|x86.Build.0 = Release|x86
		{1D7CC4CD-5238-4CBF-9786-92DA573B6DBE}.Debug|Any CPU.ActiveCfg = Debug|x86
		{1D7CC4CD-5238-4CBF-9786-92DA573B6DBE}.Debug|x86.ActiveCfg = Debug|x86
		{1D7CC4CD-5238-4CBF-9786-92DA573B6DBE}.Debug|x86.Build.0 = Debug|x86
		{1D7CC4CD-5238-4CBF-9786-92DA573B6DBE}.Release|Any CPU.ActiveCfg = Release|x86
		{1D7CC4CD-5238-4CBF-9786-92DA573B6DBE}.Release|x86.ActiveCfg = Release|x86
		{1D7CC4CD-5238-4CBF-9786-92DA573B6DBE}.Release|x86.Build.0 = Release|x86
	EndGlobalSection
	GlobalSection(SolutionProperties) = preSolution
		HideSolutionNode = FALSE
	EndGlobalSection
	GlobalSection(ExtensibilityGlobals) = postSolution
		SolutionGuid = {4996FD5C-FFDB-49BE-8128-616705E64043}
	EndGlobalSection
EndGlobal
